{
  "version": 4,
  "terraform_version": "1.13.3",
  "serial": 12,
  "lineage": "075d4cb2-0eff-c7c8-4e6b-c3fe99c8ac2e",
  "outputs": {},
  "resources": [
    {
      "module": "module.shared",
      "mode": "managed",
      "type": "google_project_iam_member",
      "name": "act_as",
      "provider": "provider[\"registry.terraform.io/hashicorp/google\"]",
      "instances": [
        {
          "schema_version": 0,
          "attributes": {
            "condition": [],
            "etag": "BwZNGFK8Pc0=",
            "id": "market-487302/roles/iam.serviceAccountUser/serviceAccount:builder@market-487302.iam.gserviceaccount.com",
            "member": "serviceAccount:builder@market-487302.iam.gserviceaccount.com",
            "project": "market-487302",
            "role": "roles/iam.serviceAccountUser"
          },
          "sensitive_attributes": [],
          "identity_schema_version": 0,
          "private": "bnVsbA==",
          "dependencies": [
            "module.shared.google_service_account.cloudbuild_service_account"
          ]
        }
      ]
    },
    {
      "module": "module.shared",
      "mode": "managed",
      "type": "google_project_iam_member",
      "name": "cloudbuild_role_builder",
      "provider": "provider[\"registry.terraform.io/hashicorp/google\"]",
      "instances": [
        {
          "schema_version": 0,
          "attributes": {
            "condition": [],
            "etag": "BwZNGFK8Pc0=",
            "id": "market-487302/roles/cloudbuild.builds.builder/serviceAccount:builder@market-487302.iam.gserviceaccount.com",
            "member": "serviceAccount:builder@market-487302.iam.gserviceaccount.com",
            "project": "market-487302",
            "role": "roles/cloudbuild.builds.builder"
          },
          "sensitive_attributes": [],
          "identity_schema_version": 0,
          "private": "bnVsbA==",
          "dependencies": [
            "module.shared.google_service_account.cloudbuild_service_account"
          ]
        }
      ]
    },
    {
      "module": "module.shared",
      "mode": "managed",
      "type": "google_project_iam_member",
      "name": "cloudbuild_role_storage_object_creator",
      "provider": "provider[\"registry.terraform.io/hashicorp/google\"]",
      "instances": [
        {
          "schema_version": 0,
          "attributes": {
            "condition": [],
            "etag": "BwZNGFK8Pc0=",
            "id": "market-487302/roles/storage.objectCreator/serviceAccount:builder@market-487302.iam.gserviceaccount.com",
            "member": "serviceAccount:builder@market-487302.iam.gserviceaccount.com",
            "project": "market-487302",
            "role": "roles/storage.objectCreator"
          },
          "sensitive_attributes": [],
          "identity_schema_version": 0,
          "private": "bnVsbA==",
          "dependencies": [
            "module.shared.google_service_account.cloudbuild_service_account"
          ]
        }
      ]
    },
    {
      "module": "module.shared",
      "mode": "managed",
      "type": "google_project_iam_member",
      "name": "cloudbuild_role_storage_object_viewer",
      "provider": "provider[\"registry.terraform.io/hashicorp/google\"]",
      "instances": [
        {
          "schema_version": 0,
          "attributes": {
            "condition": [],
            "etag": "BwZNGFK8Pc0=",
            "id": "market-487302/roles/storage.objectViewer/serviceAccount:builder@market-487302.iam.gserviceaccount.com",
            "member": "serviceAccount:builder@market-487302.iam.gserviceaccount.com",
            "project": "market-487302",
            "role": "roles/storage.objectViewer"
          },
          "sensitive_attributes": [],
          "identity_schema_version": 0,
          "private": "bnVsbA==",
          "dependencies": [
            "module.shared.google_service_account.cloudbuild_service_account"
          ]
        }
      ]
    },
    {
      "module": "module.shared",
      "mode": "managed",
      "type": "google_project_iam_member",
      "name": "logs_writer",
      "provider": "provider[\"registry.terraform.io/hashicorp/google\"]",
      "instances": [
        {
          "schema_version": 0,
          "attributes": {
            "condition": [],
            "etag": "BwZNGFK8Pc0=",
            "id": "market-487302/roles/logging.logWriter/serviceAccount:builder@market-487302.iam.gserviceaccount.com",
            "member": "serviceAccount:builder@market-487302.iam.gserviceaccount.com",
            "project": "market-487302",
            "role": "roles/logging.logWriter"
          },
          "sensitive_attributes": [],
          "identity_schema_version": 0,
          "private": "bnVsbA==",
          "dependencies": [
            "module.shared.google_service_account.cloudbuild_service_account"
          ]
        }
      ]
    },
    {
      "module": "module.shared",
      "mode": "managed",
      "type": "google_service_account",
      "name": "cloudbuild_service_account",
      "provider": "provider[\"registry.terraform.io/hashicorp/google\"]",
      "instances": [
        {
          "schema_version": 0,
          "attributes": {
            "account_id": "builder",
            "create_ignore_already_exists": null,
            "description": "Cloud builder service account",
            "disabled": false,
            "display_name": "builder",
            "email": "builder@market-487302.iam.gserviceaccount.com",
            "id": "projects/market-487302/serviceAccounts/builder@market-487302.iam.gserviceaccount.com",
            "member": "serviceAccount:builder@market-487302.iam.gserviceaccount.com",
            "name": "projects/market-487302/serviceAccounts/builder@market-487302.iam.gserviceaccount.com",
            "project": "market-487302",
            "timeouts": null,
            "unique_id": "107695739873535176312"
          },
          "sensitive_attributes": [],
          "identity_schema_version": 0,
          "private": "eyJlMmJmYjczMC1lY2FhLTExZTYtOGY4OC0zNDM2M2JjN2M0YzAiOnsiY3JlYXRlIjozMDAwMDAwMDAwMDB9fQ=="
        }
      ]
    }
  ],
  "check_results": null
}
